
Microsoft Visual Studio Solution File, Format Version 12.00
# Visual Studio Version 17
VisualStudioVersion = 17.9.34701.34
MinimumVisualStudioVersion = 10.0.40219.1
Project("{9A19103F-16F7-4668-BE54-9A1E7A4F7556}") = "ProductInventory", "ProductInventory.csproj", "{BF583DE7-42CE-47FB-9221-88700394406D}"
EndProject
Project("{FAE04EC0-301F-11D3-BF4B-00C04F79EFBC}") = "ProductInventory.DataAccess", "..\ProductInventory.DataAccess\ProductInventory.DataAccess.csproj", "{339905FA-B42F-4035-8255-9029E473AA2B}"
EndProject
Project("{FAE04EC0-301F-11D3-BF4B-00C04F79EFBC}") = "ProductInventory.Models", "..\ProductInventory.Models\ProductInventory.Models.csproj", "{07157891-3879-4E88-AE44-117DFAD47E06}"
EndProject
Project("{FAE04EC0-301F-11D3-BF4B-00C04F79EFBC}") = "ProductInventory.Utility", "..\ProductInventory.Utility\ProductInventory.Utility.csproj", "{24E76657-936B-4752-8684-978156D70414}"
EndProject
Global
	GlobalSection(SolutionConfigurationPlatforms) = preSolution
		Debug|Any CPU = Debug|Any CPU
		Release|Any CPU = Release|Any CPU
	EndGlobalSection
	GlobalSection(ProjectConfigurationPlatforms) = postSolution
		{BF583DE7-42CE-47FB-9221-88700394406D}.Debug|Any CPU.ActiveCfg = Debug|Any CPU
		{BF583DE7-42CE-47FB-9221-88700394406D}.Debug|Any CPU.Build.0 = Debug|Any CPU
		{BF583DE7-42CE-47FB-9221-88700394406D}.Release|Any CPU.ActiveCfg = Release|Any CPU
		{BF583DE7-42CE-47FB-9221-88700394406D}.Release|Any CPU.Build.0 = Release|Any CPU
		{339905FA-B42F-4035-8255-9029E473AA2B}.Debug|Any CPU.ActiveCfg = Debug|Any CPU
		{339905FA-B42F-4035-8255-9029E473AA2B}.Debug|Any CPU.Build.0 = Debug|Any CPU
		{339905FA-B42F-4035-8255-9029E473AA2B}.Release|Any CPU.ActiveCfg = Release|Any CPU
		{339905FA-B42F-4035-8255-9029E473AA2B}.Release|Any CPU.Build.0 = Release|Any CPU
		{07157891-3879-4E88-AE44-117DFAD47E06}.Debug|Any CPU.ActiveCfg = Debug|Any CPU
		{07157891-3879-4E88-AE44-117DFAD47E06}.Debug|Any CPU.Build.0 = Debug|Any CPU
		{07157891-3879-4E88-AE44-117DFAD47E06}.Release|Any CPU.ActiveCfg = Release|Any CPU
		{07157891-3879-4E88-AE44-117DFAD47E06}.Release|Any CPU.Build.0 = Release|Any CPU
		{24E76657-936B-4752-8684-978156D70414}.Debug|Any CPU.ActiveCfg = Debug|Any CPU
		{24E76657-936B-4752-8684-978156D70414}.Debug|Any CPU.Build.0 = Debug|Any CPU
		{24E76657-936B-4752-8684-978156D70414}.Release|Any CPU.ActiveCfg = Release|Any CPU
		{24E76657-936B-4752-8684-978156D70414}.Release|Any CPU.Build.0 = Release|Any CPU
	EndGlobalSection
	GlobalSection(SolutionProperties) = preSolution
		HideSolutionNode = FALSE
	EndGlobalSection
	GlobalSection(ExtensibilityGlobals) = postSolution
		SolutionGuid = {743FE2ED-8D21-4D23-B294-4C929A6BF4B7}
	EndGlobalSection
EndGlobal
